// !$*UTF8*$!
{
	archiveVersion = 1;
	classes = {
	};
	objectVersion = 55;
	objects = {

/* Begin PBXBuildFile section */
		870EC12728975B7700ED8CC1 /* AppDelegate.swift in Sources */ = {isa = PBXBuildFile; fileRef = 870EC12628975B7700ED8CC1 /* AppDelegate.swift */; };
		870EC12928975B7700ED8CC1 /* SceneDelegate.swift in Sources */ = {isa = PBXBuildFile; fileRef = 870EC12828975B7700ED8CC1 /* SceneDelegate.swift */; };
		870EC12B28975B7700ED8CC1 /* ViewController.swift in Sources */ = {isa = PBXBuildFile; fileRef = 870EC12A28975B7700ED8CC1 /* ViewController.swift */; };
		870EC12E28975B7700ED8CC1 /* Main.storyboard in Resources */ = {isa = PBXBuildFile; fileRef = 870EC12C28975B7700ED8CC1 /* Main.storyboard */; };
		870EC13028975B7800ED8CC1 /* Assets.xcassets in Resources */ = {isa = PBXBuildFile; fileRef = 870EC12F28975B7800ED8CC1 /* Assets.xcassets */; };
		870EC13328975B7800ED8CC1 /* LaunchScreen.storyboard in Resources */ = {isa = PBXBuildFile; fileRef = 870EC13128975B7800ED8CC1 /* LaunchScreen.storyboard */; };
		870EC13C28975B9500ED8CC1 /* RxCocoa in Frameworks */ = {isa = PBXBuildFile; productRef = 870EC13B28975B9500ED8CC1 /* RxCocoa */; };
		870EC13E28975B9500ED8CC1 /* RxSwift in Frameworks */ = {isa = PBXBuildFile; productRef = 870EC13D28975B9500ED8CC1 /* RxSwift */; };
		870EC14428975C0000ED8CC1 /* TableViewCell.swift in Sources */ = {isa = PBXBuildFile; fileRef = 870EC14228975C0000ED8CC1 /* TableViewCell.swift */; };
		870EC14528975C0000ED8CC1 /* TableViewCell.xib in Resources */ = {isa = PBXBuildFile; fileRef = 870EC14328975C0000ED8CC1 /* TableViewCell.xib */; };
		872EB6902897601F002DF28D /* ViewModel.swift in Sources */ = {isa = PBXBuildFile; fileRef = 872EB68F2897601F002DF28D /* ViewModel.swift */; };
/* End PBXBuildFile section */

/* Begin PBXFileReference section */
		870EC12328975B7700ED8CC1 /* MiniApp71-RxSwift13-TableView02.app */ = {isa = PBXFileReference; explicitFileType = wrapper.application; includeInIndex = 0; path = "MiniApp71-RxSwift13-TableView02.app"; sourceTree = BUILT_PRODUCTS_DIR; };
		870EC12628975B7700ED8CC1 /* AppDelegate.swift */ = {isa = PBXFileReference; lastKnownFileType = sourcecode.swift; path = AppDelegate.swift; sourceTree = "<group>"; };
		870EC12828975B7700ED8CC1 /* SceneDelegate.swift */ = {isa = PBXFileReference; lastKnownFileType = sourcecode.swift; path = SceneDelegate.swift; sourceTree = "<group>"; };
		870EC12A28975B7700ED8CC1 /* ViewController.swift */ = {isa = PBXFileReference; lastKnownFileType = sourcecode.swift; path = ViewController.swift; sourceTree = "<group>"; };
		870EC12D28975B7700ED8CC1 /* Base */ = {isa = PBXFileReference; lastKnownFileType = file.storyboard; name = Base; path = Base.lproj/Main.storyboard; sourceTree = "<group>"; };
		870EC12F28975B7800ED8CC1 /* Assets.xcassets */ = {isa = PBXFileReference; lastKnownFileType = folder.assetcatalog; path = Assets.xcassets; sourceTree = "<group>"; };
		870EC13228975B7800ED8CC1 /* Base */ = {isa = PBXFileReference; lastKnownFileType = file.storyboard; name = Base; path = Base.lproj/LaunchScreen.storyboard; sourceTree = "<group>"; };
		870EC13428975B7800ED8CC1 /* Info.plist */ = {isa = PBXFileReference; lastKnownFileType = text.plist.xml; path = Info.plist; sourceTree = "<group>"; };
		870EC14228975C0000ED8CC1 /* TableViewCell.swift */ = {isa = PBXFileReference; lastKnownFileType = sourcecode.swift; path = TableViewCell.swift; sourceTree = "<group>"; };
		870EC14328975C0000ED8CC1 /* TableViewCell.xib */ = {isa = PBXFileReference; lastKnownFileType = file.xib; path = TableViewCell.xib; sourceTree = "<group>"; };
		872EB68F2897601F002DF28D /* ViewModel.swift */ = {isa = PBXFileReference; lastKnownFileType = sourcecode.swift; path = ViewModel.swift; sourceTree = "<group>"; };
/* End PBXFileReference section */

/* Begin PBXFrameworksBuildPhase section */
		870EC12028975B7700ED8CC1 /* Frameworks */ = {
			isa = PBXFrameworksBuildPhase;
			buildActionMask = 2147483647;
			files = (
				870EC13E28975B9500ED8CC1 /* RxSwift in Frameworks */,
				870EC13C28975B9500ED8CC1 /* RxCocoa in Frameworks */,
			);
			runOnlyForDeploymentPostprocessing = 0;
		};
/* End PBXFrameworksBuildPhase section */

/* Begin PBXGroup section */
		870EC11A28975B7700ED8CC1 = {
			isa = PBXGroup;
			children = (
				870EC12528975B7700ED8CC1 /* MiniApp71-RxSwift13-TableView02 */,
				870EC12428975B7700ED8CC1 /* Products */,
			);
			sourceTree = "<group>";
		};
		870EC12428975B7700ED8CC1 /* Products */ = {
			isa = PBXGroup;
			children = (
				870EC12328975B7700ED8CC1 /* MiniApp71-RxSwift13-TableView02.app */,
			);
			name = Products;
			sourceTree = "<group>";
		};
		870EC12528975B7700ED8CC1 /* MiniApp71-RxSwift13-TableView02 */ = {
			isa = PBXGroup;
			children = (
				870EC14128975BE800ED8CC1 /* ViewModel */,
				870EC14028975BE200ED8CC1 /* View */,
				870EC13F28975BDC00ED8CC1 /* Model */,
				870EC12628975B7700ED8CC1 /* AppDelegate.swift */,
				870EC12828975B7700ED8CC1 /* SceneDelegate.swift */,
				870EC12F28975B7800ED8CC1 /* Assets.xcassets */,
				870EC13128975B7800ED8CC1 /* LaunchScreen.storyboard */,
				870EC13428975B7800ED8CC1 /* Info.plist */,
			);
			path = "MiniApp71-RxSwift13-TableView02";
			sourceTree = "<group>";
		};
		870EC13F28975BDC00ED8CC1 /* Model */ = {
			isa = PBXGroup;
			children = (
			);
			path = Model;
			sourceTree = "<group>";
		};
		870EC14028975BE200ED8CC1 /* View */ = {
			isa = PBXGroup;
			children = (
				870EC12A28975B7700ED8CC1 /* ViewController.swift */,
				870EC12C28975B7700ED8CC1 /* Main.storyboard */,
				870EC14228975C0000ED8CC1 /* TableViewCell.swift */,
				870EC14328975C0000ED8CC1 /* TableViewCell.xib */,
			);
			path = View;
			sourceTree = "<group>";
		};
		870EC14128975BE800ED8CC1 /* ViewModel */ = {
			isa = PBXGroup;
			children = (
				872EB68F2897601F002DF28D /* ViewModel.swift */,
			);
			path = ViewModel;
			sourceTree = "<group>";
		};
/* End PBXGroup section */

/* Begin PBXNativeTarget section */
		870EC12228975B7700ED8CC1 /* MiniApp71-RxSwift13-TableView02 */ = {
			isa = PBXNativeTarget;
			buildConfigurationList = 870EC13728975B7800ED8CC1 /* Build configuration list for PBXNativeTarget "MiniApp71-RxSwift13-TableView02" */;
			buildPhases = (
				870EC11F28975B7700ED8CC1 /* Sources */,
				870EC12028975B7700ED8CC1 /* Frameworks */,
				870EC12128975B7700ED8CC1 /* Resources */,
			);
			buildRules = (
			);
			dependencies = (
			);
			name = "MiniApp71-RxSwift13-TableView02";
			packageProductDependencies = (
				870EC13B28975B9500ED8CC1 /* RxCocoa */,
				870EC13D28975B9500ED8CC1 /* RxSwift */,
			);
			productName = "MiniApp71-RxSwift13-TableView02";
			productReference = 870EC12328975B7700ED8CC1 /* MiniApp71-RxSwift13-TableView02.app */;
			productType = "com.apple.product-type.application";
		};
/* End PBXNativeTarget section */

/* Begin PBXProject section */
		870EC11B28975B7700ED8CC1 /* Project object */ = {
			isa = PBXProject;
			attributes = {
				BuildIndependentTargetsInParallel = 1;
				LastSwiftUpdateCheck = 1340;
				LastUpgradeCheck = 1340;
				TargetAttributes = {
					870EC12228975B7700ED8CC1 = {
						CreatedOnToolsVersion = 13.4.1;
					};
				};
			};
			buildConfigurationList = 870EC11E28975B7700ED8CC1 /* Build configuration list for PBXProject "MiniApp71-RxSwift13-TableView02" */;
			compatibilityVersion = "Xcode 13.0";
			developmentRegion = en;
			hasScannedForEncodings = 0;
			knownRegions = (
				en,
				Base,
			);
			mainGroup = 870EC11A28975B7700ED8CC1;
			packageReferences = (
				870EC13A28975B9500ED8CC1 /* XCRemoteSwiftPackageReference "RxSwift" */,
			);
			productRefGroup = 870EC12428975B7700ED8CC1 /* Products */;
			projectDirPath = "";
			projectRoot = "";
			targets = (
				870EC12228975B7700ED8CC1 /* MiniApp71-RxSwift13-TableView02 */,
			);
		};
/* End PBXProject section */

/* Begin PBXResourcesBuildPhase section */
		870EC12128975B7700ED8CC1 /* Resources */ = {
			isa = PBXResourcesBuildPhase;
			buildActionMask = 2147483647;
			files = (
				870EC13328975B7800ED8CC1 /* LaunchScreen.storyboard in Resources */,
				870EC14528975C0000ED8CC1 /* TableViewCell.xib in Resources */,
				870EC13028975B7800ED8CC1 /* Assets.xcassets in Resources */,
				870EC12E28975B7700ED8CC1 /* Main.storyboard in Resources */,
			);
			runOnlyForDeploymentPostprocessing = 0;
		};
/* End PBXResourcesBuildPhase section */

/* Begin PBXSourcesBuildPhase section */
		870EC11F28975B7700ED8CC1 /* Sources */ = {
			isa = PBXSourcesBuildPhase;
			buildActionMask = 2147483647;
			files = (
				872EB6902897601F002DF28D /* ViewModel.swift in Sources */,
				870EC12B28975B7700ED8CC1 /* ViewController.swift in Sources */,
				870EC14428975C0000ED8CC1 /* TableViewCell.swift in Sources */,
				870EC12728975B7700ED8CC1 /* AppDelegate.swift in Sources */,
				870EC12928975B7700ED8CC1 /* SceneDelegate.swift in Sources */,
			);
			runOnlyForDeploymentPostprocessing = 0;
		};
/* End PBXSourcesBuildPhase section */

/* Begin PBXVariantGroup section */
		870EC12C28975B7700ED8CC1 /* Main.storyboard */ = {
			isa = PBXVariantGroup;
			children = (
				870EC12D28975B7700ED8CC1 /* Base */,
			);
			name = Main.storyboard;
			sourceTree = "<group>";
		};
		870EC13128975B7800ED8CC1 /* LaunchScreen.storyboard */ = {
			isa = PBXVariantGroup;
			children = (
				870EC13228975B7800ED8CC1 /* Base */,
			);
			name = LaunchScreen.storyboard;
			sourceTree = "<group>";
		};
/* End PBXVariantGroup section */

/* Begin XCBuildConfiguration section */
		870EC13528975B7800ED8CC1 /* Debug */ = {
			isa = XCBuildConfiguration;
			buildSettings = {
				ALWAYS_SEARCH_USER_PATHS = NO;
				CLANG_ANALYZER_NONNULL = YES;
				CLANG_ANALYZER_NUMBER_OBJECT_CONVERSION = YES_AGGRESSIVE;
				CLANG_CXX_LANGUAGE_STANDARD = "gnu++17";
				CLANG_ENABLE_MODULES = YES;
				CLANG_ENABLE_OBJC_ARC = YES;
				CLANG_ENABLE_OBJC_WEAK = YES;
				CLANG_WARN_BLOCK_CAPTURE_AUTORELEASING = YES;
				CLANG_WARN_BOOL_CONVERSION = YES;
				CLANG_WARN_COMMA = YES;
				CLANG_WARN_CONSTANT_CONVERSION = YES;
				CLANG_WARN_DEPRECATED_OBJC_IMPLEMENTATIONS = YES;
				CLANG_WARN_DIRECT_OBJC_ISA_USAGE = YES_ERROR;
				CLANG_WARN_DOCUMENTATION_COMMENTS = YES;
				CLANG_WARN_EMPTY_BODY = YES;
				CLANG_WARN_ENUM_CONVERSION = YES;
				CLANG_WARN_INFINITE_RECURSION = YES;
				CLANG_WARN_INT_CONVERSION = YES;
				CLANG_WARN_NON_LITERAL_NULL_CONVERSION = YES;
				CLANG_WARN_OBJC_IMPLICIT_RETAIN_SELF = YES;
				CLANG_WARN_OBJC_LITERAL_CONVERSION = YES;
				CLANG_WARN_OBJC_ROOT_CLASS = YES_ERROR;
				CLANG_WARN_QUOTED_INCLUDE_IN_FRAMEWORK_HEADER = YES;
				CLANG_WARN_RANGE_LOOP_ANALYSIS = YES;
				CLANG_WARN_STRICT_PROTOTYPES = YES;
				CLANG_WARN_SUSPICIOUS_MOVE = YES;
				CLANG_WARN_UNGUARDED_AVAILABILITY = YES_AGGRESSIVE;
				CLANG_WARN_UNREACHABLE_CODE = YES;
				CLANG_WARN__DUPLICATE_METHOD_MATCH = YES;
				COPY_PHASE_STRIP = NO;
				DEBUG_INFORMATION_FORMAT = dwarf;
				ENABLE_STRICT_OBJC_MSGSEND = YES;
				ENABLE_TESTABILITY = YES;
				GCC_C_LANGUAGE_STANDARD = gnu11;
				GCC_DYNAMIC_NO_PIC = NO;
				GCC_NO_COMMON_BLOCKS = YES;
				GCC_OPTIMIZATION_LEVEL = 0;
				GCC_PREPROCESSOR_DEFINITIONS = (
					"DEBUG=1",
					"$(inherited)",
				);
				GCC_WARN_64_TO_32_BIT_CONVERSION = YES;
				GCC_WARN_ABOUT_RETURN_TYPE = YES_ERROR;
				GCC_WARN_UNDECLARED_SELECTOR = YES;
				GCC_WARN_UNINITIALIZED_AUTOS = YES_AGGRESSIVE;
				GCC_WARN_UNUSED_FUNCTION = YES;
				GCC_WARN_UNUSED_VARIABLE = YES;
				IPHONEOS_DEPLOYMENT_TARGET = 15.5;
				MTL_ENABLE_DEBUG_INFO = INCLUDE_SOURCE;
				MTL_FAST_MATH = YES;
				ONLY_ACTIVE_ARCH = YES;
				SDKROOT = iphoneos;
				SWIFT_ACTIVE_COMPILATION_CONDITIONS = DEBUG;
				SWIFT_OPTIMIZATION_LEVEL = "-Onone";
			};
			name = Debug;
		};
		870EC13628975B7800ED8CC1 /* Release */ = {
			isa = XCBuildConfiguration;
			buildSettings = {
				ALWAYS_SEARCH_USER_PATHS = NO;
				CLANG_ANALYZER_NONNULL = YES;
				CLANG_ANALYZER_NUMBER_OBJECT_CONVERSION = YES_AGGRESSIVE;
				CLANG_CXX_LANGUAGE_STANDARD = "gnu++17";
				CLANG_ENABLE_MODULES = YES;
				CLANG_ENABLE_OBJC_ARC = YES;
				CLANG_ENABLE_OBJC_WEAK = YES;
				CLANG_WARN_BLOCK_CAPTURE_AUTORELEASING = YES;
				CLANG_WARN_BOOL_CONVERSION = YES;
				CLANG_WARN_COMMA = YES;
				CLANG_WARN_CONSTANT_CONVERSION = YES;
				CLANG_WARN_DEPRECATED_OBJC_IMPLEMENTATIONS = YES;
				CLANG_WARN_DIRECT_OBJC_ISA_USAGE = YES_ERROR;
				CLANG_WARN_DOCUMENTATION_COMMENTS = YES;
				CLANG_WARN_EMPTY_BODY = YES;
				CLANG_WARN_ENUM_CONVERSION = YES;
				CLANG_WARN_INFINITE_RECURSION = YES;
				CLANG_WARN_INT_CONVERSION = YES;
				CLANG_WARN_NON_LITERAL_NULL_CONVERSION = YES;
				CLANG_WARN_OBJC_IMPLICIT_RETAIN_SELF = YES;
				CLANG_WARN_OBJC_LITERAL_CONVERSION = YES;
				CLANG_WARN_OBJC_ROOT_CLASS = YES_ERROR;
				CLANG_WARN_QUOTED_INCLUDE_IN_FRAMEWORK_HEADER = YES;
				CLANG_WARN_RANGE_LOOP_ANALYSIS = YES;
				CLANG_WARN_STRICT_PROTOTYPES = YES;
				CLANG_WARN_SUSPICIOUS_MOVE = YES;
				CLANG_WARN_UNGUARDED_AVAILABILITY = YES_AGGRESSIVE;
				CLANG_WARN_UNREACHABLE_CODE = YES;
				CLANG_WARN__DUPLICATE_METHOD_MATCH = YES;
				COPY_PHASE_STRIP = NO;
				DEBUG_INFORMATION_FORMAT = "dwarf-with-dsym";
				ENABLE_NS_ASSERTIONS = NO;
				ENABLE_STRICT_OBJC_MSGSEND = YES;
				GCC_C_LANGUAGE_STANDARD = gnu11;
				GCC_NO_COMMON_BLOCKS = YES;
				GCC_WARN_64_TO_32_BIT_CONVERSION = YES;
				GCC_WARN_ABOUT_RETURN_TYPE = YES_ERROR;
				GCC_WARN_UNDECLARED_SELECTOR = YES;
				GCC_WARN_UNINITIALIZED_AUTOS = YES_AGGRESSIVE;
				GCC_WARN_UNUSED_FUNCTION = YES;
				GCC_WARN_UNUSED_VARIABLE = YES;
				IPHONEOS_DEPLOYMENT_TARGET = 15.5;
				MTL_ENABLE_DEBUG_INFO = NO;
				MTL_FAST_MATH = YES;
				SDKROOT = iphoneos;
				SWIFT_COMPILATION_MODE = wholemodule;
				SWIFT_OPTIMIZATION_LEVEL = "-O";
				VALIDATE_PRODUCT = YES;
			};
			name = Release;
		};
		870EC13828975B7800ED8CC1 /* Debug */ = {
			isa = XCBuildConfiguration;
			buildSettings = {
				ASSETCATALOG_COMPILER_APPICON_NAME = AppIcon;
				ASSETCATALOG_COMPILER_GLOBAL_ACCENT_COLOR_NAME = AccentColor;
				CODE_SIGN_STYLE = Automatic;
				CURRENT_PROJECT_VERSION = 1;
				DEVELOPMENT_TEAM = 558ZJSQN67;
				GENERATE_INFOPLIST_FILE = YES;
				INFOPLIST_FILE = "MiniApp71-RxSwift13-TableView02/Info.plist";
				INFOPLIST_KEY_UIApplicationSupportsIndirectInputEvents = YES;
				INFOPLIST_KEY_UILaunchStoryboardName = LaunchScreen;
				INFOPLIST_KEY_UIMainStoryboardFile = Main;
				INFOPLIST_KEY_UISupportedInterfaceOrientations_iPad = "UIInterfaceOrientationPortrait UIInterfaceOrientationPortraitUpsideDown UIInterfaceOrientationLandscapeLeft UIInterfaceOrientationLandscapeRight";
				INFOPLIST_KEY_UISupportedInterfaceOrientations_iPhone = "UIInterfaceOrientationPortrait UIInterfaceOrientationLandscapeLeft UIInterfaceOrientationLandscapeRight";
				LD_RUNPATH_SEARCH_PATHS = (
					"$(inherited)",
					"@executable_path/Frameworks",
				);
				MARKETING_VERSION = 1.0;
				PRODUCT_BUNDLE_IDENTIFIER = "org.tetoblog.MiniApp71-RxSwift13-TableView02";
				PRODUCT_NAME = "$(TARGET_NAME)";
				SWIFT_EMIT_LOC_STRINGS = YES;
				SWIFT_VERSION = 5.0;
				TARGETED_DEVICE_FAMILY = "1,2";
			};
			name = Debug;
		};
		870EC13928975B7800ED8CC1 /* Release */ = {
			isa = XCBuildConfiguration;
			buildSettings = {
				ASSETCATALOG_COMPILER_APPICON_NAME = AppIcon;
				ASSETCATALOG_COMPILER_GLOBAL_ACCENT_COLOR_NAME = AccentColor;
				CODE_SIGN_STYLE = Automatic;
				CURRENT_PROJECT_VERSION = 1;
				DEVELOPMENT_TEAM = 558ZJSQN67;
				GENERATE_INFOPLIST_FILE = YES;
				INFOPLIST_FILE = "MiniApp71-RxSwift13-TableView02/Info.plist";
				INFOPLIST_KEY_UIApplicationSupportsIndirectInputEvents = YES;
				INFOPLIST_KEY_UILaunchStoryboardName = LaunchScreen;
				INFOPLIST_KEY_UIMainStoryboardFile = Main;
				INFOPLIST_KEY_UISupportedInterfaceOrientations_iPad = "UIInterfaceOrientationPortrait UIInterfaceOrientationPortraitUpsideDown UIInterfaceOrientationLandscapeLeft UIInterfaceOrientationLandscapeRight";
				INFOPLIST_KEY_UISupportedInterfaceOrientations_iPhone = "UIInterfaceOrientationPortrait UIInterfaceOrientationLandscapeLeft UIInterfaceOrientationLandscapeRight";
				LD_RUNPATH_SEARCH_PATHS = (
					"$(inherited)",
					"@executable_path/Frameworks",
				);
				MARKETING_VERSION = 1.0;
				PRODUCT_BUNDLE_IDENTIFIER = "org.tetoblog.MiniApp71-RxSwift13-TableView02";
				PRODUCT_NAME = "$(TARGET_NAME)";
				SWIFT_EMIT_LOC_STRINGS = YES;
				SWIFT_VERSION = 5.0;
				TARGETED_DEVICE_FAMILY = "1,2";
			};
			name = Release;
		};
/* End XCBuildConfiguration section */

/* Begin XCConfigurationList section */
		870EC11E28975B7700ED8CC1 /* Build configuration list for PBXProject "MiniApp71-RxSwift13-TableView02" */ = {
			isa = XCConfigurationList;
			buildConfigurations = (
				870EC13528975B7800ED8CC1 /* Debug */,
				870EC13628975B7800ED8CC1 /* Release */,
			);
			defaultConfigurationIsVisible = 0;
			defaultConfigurationName = Release;
		};
		870EC13728975B7800ED8CC1 /* Build configuration list for PBXNativeTarget "MiniApp71-RxSwift13-TableView02" */ = {
			isa = XCConfigurationList;
			buildConfigurations = (
				870EC13828975B7800ED8CC1 /* Debug */,
				870EC13928975B7800ED8CC1 /* Release */,
			);
			defaultConfigurationIsVisible = 0;
			defaultConfigurationName = Release;
		};
/* End XCConfigurationList section */

/* Begin XCRemoteSwiftPackageReference section */
		870EC13A28975B9500ED8CC1 /* XCRemoteSwiftPackageReference "RxSwift" */ = {
			isa = XCRemoteSwiftPackageReference;
			repositoryURL = "https://github.com/ReactiveX/RxSwift";
			requirement = {
				branch = main;
				kind = branch;
			};
		};
/* End XCRemoteSwiftPackageReference section */

/* Begin XCSwiftPackageProductDependency section */
		870EC13B28975B9500ED8CC1 /* RxCocoa */ = {
			isa = XCSwiftPackageProductDependency;
			package = 870EC13A28975B9500ED8CC1 /* XCRemoteSwiftPackageReference "RxSwift" */;
			productName = RxCocoa;
		};
		870EC13D28975B9500ED8CC1 /* RxSwift */ = {
			isa = XCSwiftPackageProductDependency;
			package = 870EC13A28975B9500ED8CC1 /* XCRemoteSwiftPackageReference "RxSwift" */;
			productName = RxSwift;
		};
/* End XCSwiftPackageProductDependency section */
	};
	rootObject = 870EC11B28975B7700ED8CC1 /* Project object */;
}
